
Microsoft Visual Studio Solution File, Format Version 12.00
# Visual Studio Version 17
VisualStudioVersion = 17.6.33723.286
MinimumVisualStudioVersion = 10.0.40219.1
Project("{9A19103F-16F7-4668-BE54-9A1E7A4F7556}") = "Todo.Core", "Todo.Core\Todo.Core.csproj", "{6E165BF7-EBC1-411C-973D-1F947EEBC53E}"
EndProject
Project("{9A19103F-16F7-4668-BE54-9A1E7A4F7556}") = "Todo.Wpf", "Todo.Wpf\Todo.Wpf.csproj", "{034F9A51-EBBB-4880-8F3D-C07D70752C0B}"
EndProject
Global
	GlobalSection(SolutionConfigurationPlatforms) = preSolution
		Debug|Any CPU = Debug|Any CPU
		Release|Any CPU = Release|Any CPU
	EndGlobalSection
	GlobalSection(ProjectConfigurationPlatforms) = postSolution
		{6E165BF7-EBC1-411C-973D-1F947EEBC53E}.Debug|Any CPU.ActiveCfg = Debug|Any CPU
		{6E165BF7-EBC1-411C-973D-1F947EEBC53E}.Debug|Any CPU.Build.0 = Debug|Any CPU
		{6E165BF7-EBC1-411C-973D-1F947EEBC53E}.Release|Any CPU.ActiveCfg = Release|Any CPU
		{6E165BF7-EBC1-411C-973D-1F947EEBC53E}.Release|Any CPU.Build.0 = Release|Any CPU
		{034F9A51-EBBB-4880-8F3D-C07D70752C0B}.Debug|Any CPU.ActiveCfg = Debug|Any CPU
		{034F9A51-EBBB-4880-8F3D-C07D70752C0B}.Debug|Any CPU.Build.0 = Debug|Any CPU
		{034F9A51-EBBB-4880-8F3D-C07D70752C0B}.Release|Any CPU.ActiveCfg = Release|Any CPU
		{034F9A51-EBBB-4880-8F3D-C07D70752C0B}.Release|Any CPU.Build.0 = Release|Any CPU
	EndGlobalSection
	GlobalSection(SolutionProperties) = preSolution
		HideSolutionNode = FALSE
	EndGlobalSection
	GlobalSection(ExtensibilityGlobals) = postSolution
		SolutionGuid = {8046ADF2-FBB8-48E1-AB1C-02C0ABE1947D}
	EndGlobalSection
EndGlobal
